
Microsoft Visual Studio Solution File, Format Version 12.00
# Visual Studio Version 17
VisualStudioVersion = 17.13.35828.75 d17.13
MinimumVisualStudioVersion = 10.0.40219.1
Project("{FAE04EC0-301F-11D3-BF4B-00C04F79EFBC}") = "Stacks", "Stacks\Stacks.csproj", "{2F566F34-E4D9-4E1F-AB01-67F6E655D79F}"
EndProject
Global
	GlobalSection(SolutionConfigurationPlatforms) = preSolution
		Debug|Any CPU = Debug|Any CPU
		Release|Any CPU = Release|Any CPU
	EndGlobalSection
	GlobalSection(ProjectConfigurationPlatforms) = postSolution
		{2F566F34-E4D9-4E1F-AB01-67F6E655D79F}.Debug|Any CPU.ActiveCfg = Debug|Any CPU
		{2F566F34-E4D9-4E1F-AB01-67F6E655D79F}.Debug|Any CPU.Build.0 = Debug|Any CPU
		{2F566F34-E4D9-4E1F-AB01-67F6E655D79F}.Release|Any CPU.ActiveCfg = Release|Any CPU
		{2F566F34-E4D9-4E1F-AB01-67F6E655D79F}.Release|Any CPU.Build.0 = Release|Any CPU
	EndGlobalSection
	GlobalSection(SolutionProperties) = preSolution
		HideSolutionNode = FALSE
	EndGlobalSection
	GlobalSection(ExtensibilityGlobals) = postSolution
		SolutionGuid = {CC1564F3-7D72-4F4A-82D0-606D33A1B8D1}
	EndGlobalSection
EndGlobal
