
Microsoft Visual Studio Solution File, Format Version 12.00
# Visual Studio Version 17
VisualStudioVersion = 17.13.35931.197 d17.13
MinimumVisualStudioVersion = 10.0.40219.1
Project("{FAE04EC0-301F-11D3-BF4B-00C04F79EFBC}") = "Delegates", "Delegates\Delegates.csproj", "{66263BF2-EDDC-4A66-9DFB-58BB94C9452E}"
EndProject
Global
	GlobalSection(SolutionConfigurationPlatforms) = preSolution
		Debug|Any CPU = Debug|Any CPU
		Release|Any CPU = Release|Any CPU
	EndGlobalSection
	GlobalSection(ProjectConfigurationPlatforms) = postSolution
		{66263BF2-EDDC-4A66-9DFB-58BB94C9452E}.Debug|Any CPU.ActiveCfg = Debug|Any CPU
		{66263BF2-EDDC-4A66-9DFB-58BB94C9452E}.Debug|Any CPU.Build.0 = Debug|Any CPU
		{66263BF2-EDDC-4A66-9DFB-58BB94C9452E}.Release|Any CPU.ActiveCfg = Release|Any CPU
		{66263BF2-EDDC-4A66-9DFB-58BB94C9452E}.Release|Any CPU.Build.0 = Release|Any CPU
	EndGlobalSection
	GlobalSection(SolutionProperties) = preSolution
		HideSolutionNode = FALSE
	EndGlobalSection
	GlobalSection(ExtensibilityGlobals) = postSolution
		SolutionGuid = {C8ABB1E5-481F-4D31-A16C-F2CE06266AFB}
	EndGlobalSection
EndGlobal
