
Microsoft Visual Studio Solution File, Format Version 12.00
# Visual Studio Version 17
VisualStudioVersion = 17.13.35828.75 d17.13
MinimumVisualStudioVersion = 10.0.40219.1
Project("{FAE04EC0-301F-11D3-BF4B-00C04F79EFBC}") = "FootballChampionships", "FootballChampionships\FootballChampionships.csproj", "{5B9D3D53-24CA-47FC-BB92-A21C6581F58D}"
EndProject
Global
	GlobalSection(SolutionConfigurationPlatforms) = preSolution
		Debug|Any CPU = Debug|Any CPU
		Release|Any CPU = Release|Any CPU
	EndGlobalSection
	GlobalSection(ProjectConfigurationPlatforms) = postSolution
		{5B9D3D53-24CA-47FC-BB92-A21C6581F58D}.Debug|Any CPU.ActiveCfg = Debug|Any CPU
		{5B9D3D53-24CA-47FC-BB92-A21C6581F58D}.Debug|Any CPU.Build.0 = Debug|Any CPU
		{5B9D3D53-24CA-47FC-BB92-A21C6581F58D}.Release|Any CPU.ActiveCfg = Release|Any CPU
		{5B9D3D53-24CA-47FC-BB92-A21C6581F58D}.Release|Any CPU.Build.0 = Release|Any CPU
	EndGlobalSection
	GlobalSection(SolutionProperties) = preSolution
		HideSolutionNode = FALSE
	EndGlobalSection
	GlobalSection(ExtensibilityGlobals) = postSolution
		SolutionGuid = {088BF877-5BDD-4FA7-9B35-4A1A6A827443}
	EndGlobalSection
EndGlobal
